
Microsoft Visual Studio Solution File, Format Version 12.00
# Visual Studio 14
VisualStudioVersion = 14.0.25420.1
MinimumVisualStudioVersion = 10.0.40219.1
Project("{FAE04EC0-301F-11D3-BF4B-00C04F79EFBC}") = "EasyProject_FaceAPI", "EasyProject_FaceAPI\EasyProject_FaceAPI\EasyProject_FaceAPI.csproj", "{CCC3A458-4949-4206-A26E-086E7785D5CE}"
EndProject
Project("{FAE04EC0-301F-11D3-BF4B-00C04F79EFBC}") = "EasyProject_FaceAPI.Droid", "EasyProject_FaceAPI\EasyProject_FaceAPI.Droid\EasyProject_FaceAPI.Droid.csproj", "{72CC92DC-B615-4AF2-93F2-2E4A9F50F82E}"
EndProject
Project("{FAE04EC0-301F-11D3-BF4B-00C04F79EFBC}") = "EasyProject_FaceAPI.iOS", "EasyProject_FaceAPI\EasyProject_FaceAPI.iOS\EasyProject_FaceAPI.iOS.csproj", "{8F198336-6A77-4B42-9BA3-C34C4614F2E5}"
EndProject
Project("{FAE04EC0-301F-11D3-BF4B-00C04F79EFBC}") = "EasyProject_FaceAPI.UWP", "EasyProject_FaceAPI\EasyProject_FaceAPI.UWP\EasyProject_FaceAPI.UWP.csproj", "{C09723D9-DEB0-43EB-A10E-1EF02B0FEA3F}"
EndProject
Global
	GlobalSection(SolutionConfigurationPlatforms) = preSolution
		Ad-Hoc|Any CPU = Ad-Hoc|Any CPU
		Ad-Hoc|ARM = Ad-Hoc|ARM
		Ad-Hoc|iPhone = Ad-Hoc|iPhone
		Ad-Hoc|iPhoneSimulator = Ad-Hoc|iPhoneSimulator
		Ad-Hoc|x64 = Ad-Hoc|x64
		Ad-Hoc|x86 = Ad-Hoc|x86
		AppStore|Any CPU = AppStore|Any CPU
		AppStore|ARM = AppStore|ARM
		AppStore|iPhone = AppStore|iPhone
		AppStore|iPhoneSimulator = AppStore|iPhoneSimulator
		AppStore|x64 = AppStore|x64
		AppStore|x86 = AppStore|x86
		Debug|Any CPU = Debug|Any CPU
		Debug|ARM = Debug|ARM
		Debug|iPhone = Debug|iPhone
		Debug|iPhoneSimulator = Debug|iPhoneSimulator
		Debug|x64 = Debug|x64
		Debug|x86 = Debug|x86
		Release|Any CPU = Release|Any CPU
		Release|ARM = Release|ARM
		Release|iPhone = Release|iPhone
		Release|iPhoneSimulator = Release|iPhoneSimulator
		Release|x64 = Release|x64
		Release|x86 = Release|x86
	EndGlobalSection
	GlobalSection(ProjectConfigurationPlatforms) = postSolution
		{CCC3A458-4949-4206-A26E-086E7785D5CE}.Ad-Hoc|Any CPU.ActiveCfg = Release|Any CPU
		{CCC3A458-4949-4206-A26E-086E7785D5CE}.Ad-Hoc|Any CPU.Build.0 = Release|Any CPU
		{CCC3A458-4949-4206-A26E-086E7785D5CE}.Ad-Hoc|ARM.ActiveCfg = Release|Any CPU
		{CCC3A458-4949-4206-A26E-086E7785D5CE}.Ad-Hoc|ARM.Build.0 = Release|Any CPU
		{CCC3A458-4949-4206-A26E-086E7785D5CE}.Ad-Hoc|iPhone.ActiveCfg = Release|Any CPU
		{CCC3A458-4949-4206-A26E-086E7785D5CE}.Ad-Hoc|iPhone.Build.0 = Release|Any CPU
		{CCC3A458-4949-4206-A26E-086E7785D5CE}.Ad-Hoc|iPhoneSimulator.ActiveCfg = Release|Any CPU
		{CCC3A458-4949-4206-A26E-086E7785D5CE}.Ad-Hoc|iPhoneSimulator.Build.0 = Release|Any CPU
		{CCC3A458-4949-4206-A26E-086E7785D5CE}.Ad-Hoc|x64.ActiveCfg = Release|Any CPU
		{CCC3A458-4949-4206-A26E-086E7785D5CE}.Ad-Hoc|x64.Build.0 = Release|Any CPU
		{CCC3A458-4949-4206-A26E-086E7785D5CE}.Ad-Hoc|x86.ActiveCfg = Release|Any CPU
		{CCC3A458-4949-4206-A26E-086E7785D5CE}.Ad-Hoc|x86.Build.0 = Release|Any CPU
		{CCC3A458-4949-4206-A26E-086E7785D5CE}.AppStore|Any CPU.ActiveCfg = Release|Any CPU
		{CCC3A458-4949-4206-A26E-086E7785D5CE}.AppStore|Any CPU.Build.0 = Release|Any CPU
		{CCC3A458-4949-4206-A26E-086E7785D5CE}.AppStore|ARM.ActiveCfg = Release|Any CPU
		{CCC3A458-4949-4206-A26E-086E7785D5CE}.AppStore|ARM.Build.0 = Release|Any CPU
		{CCC3A458-4949-4206-A26E-086E7785D5CE}.AppStore|iPhone.ActiveCfg = Release|Any CPU
		{CCC3A458-4949-4206-A26E-086E7785D5CE}.AppStore|iPhone.Build.0 = Release|Any CPU
		{CCC3A458-4949-4206-A26E-086E7785D5CE}.AppStore|iPhoneSimulator.ActiveCfg = Release|Any CPU
		{CCC3A458-4949-4206-A26E-086E7785D5CE}.AppStore|iPhoneSimulator.Build.0 = Release|Any CPU
		{CCC3A458-4949-4206-A26E-086E7785D5CE}.AppStore|x64.ActiveCfg = Release|Any CPU
		{CCC3A458-4949-4206-A26E-086E7785D5CE}.AppStore|x64.Build.0 = Release|Any CPU
		{CCC3A458-4949-4206-A26E-086E7785D5CE}.AppStore|x86.ActiveCfg = Release|Any CPU
		{CCC3A458-4949-4206-A26E-086E7785D5CE}.AppStore|x86.Build.0 = Release|Any CPU
		{CCC3A458-4949-4206-A26E-086E7785D5CE}.Debug|Any CPU.ActiveCfg = Debug|Any CPU
		{CCC3A458-4949-4206-A26E-086E7785D5CE}.Debug|Any CPU.Build.0 = Debug|Any CPU
		{CCC3A458-4949-4206-A26E-086E7785D5CE}.Debug|ARM.ActiveCfg = Debug|Any CPU
		{CCC3A458-4949-4206-A26E-086E7785D5CE}.Debug|ARM.Build.0 = Debug|Any CPU
		{CCC3A458-4949-4206-A26E-086E7785D5CE}.Debug|iPhone.ActiveCfg = Debug|Any CPU
		{CCC3A458-4949-4206-A26E-086E7785D5CE}.Debug|iPhone.Build.0 = Debug|Any CPU
		{CCC3A458-4949-4206-A26E-086E7785D5CE}.Debug|iPhoneSimulator.ActiveCfg = Debug|Any CPU
		{CCC3A458-4949-4206-A26E-086E7785D5CE}.Debug|iPhoneSimulator.Build.0 = Debug|Any CPU
		{CCC3A458-4949-4206-A26E-086E7785D5CE}.Debug|x64.ActiveCfg = Debug|Any CPU
		{CCC3A458-4949-4206-A26E-086E7785D5CE}.Debug|x64.Build.0 = Debug|Any CPU
		{CCC3A458-4949-4206-A26E-086E7785D5CE}.Debug|x86.ActiveCfg = Debug|Any CPU
		{CCC3A458-4949-4206-A26E-086E7785D5CE}.Debug|x86.Build.0 = Debug|Any CPU
		{CCC3A458-4949-4206-A26E-086E7785D5CE}.Release|Any CPU.ActiveCfg = Release|Any CPU
		{CCC3A458-4949-4206-A26E-086E7785D5CE}.Release|Any CPU.Build.0 = Release|Any CPU
		{CCC3A458-4949-4206-A26E-086E7785D5CE}.Release|ARM.ActiveCfg = Release|Any CPU
		{CCC3A458-4949-4206-A26E-086E7785D5CE}.Release|ARM.Build.0 = Release|Any CPU
		{CCC3A458-4949-4206-A26E-086E7785D5CE}.Release|iPhone.ActiveCfg = Release|Any CPU
		{CCC3A458-4949-4206-A26E-086E7785D5CE}.Release|iPhone.Build.0 = Release|Any CPU
		{CCC3A458-4949-4206-A26E-086E7785D5CE}.Release|iPhoneSimulator.ActiveCfg = Release|Any CPU
		{CCC3A458-4949-4206-A26E-086E7785D5CE}.Release|iPhoneSimulator.Build.0 = Release|Any CPU
		{CCC3A458-4949-4206-A26E-086E7785D5CE}.Release|x64.ActiveCfg = Release|Any CPU
		{CCC3A458-4949-4206-A26E-086E7785D5CE}.Release|x64.Build.0 = Release|Any CPU
		{CCC3A458-4949-4206-A26E-086E7785D5CE}.Release|x86.ActiveCfg = Release|Any CPU
		{CCC3A458-4949-4206-A26E-086E7785D5CE}.Release|x86.Build.0 = Release|Any CPU
		{72CC92DC-B615-4AF2-93F2-2E4A9F50F82E}.Ad-Hoc|Any CPU.ActiveCfg = Release|Any CPU
		{72CC92DC-B615-4AF2-93F2-2E4A9F50F82E}.Ad-Hoc|Any CPU.Build.0 = Release|Any CPU
		{72CC92DC-B615-4AF2-93F2-2E4A9F50F82E}.Ad-Hoc|Any CPU.Deploy.0 = Release|Any CPU
		{72CC92DC-B615-4AF2-93F2-2E4A9F50F82E}.Ad-Hoc|ARM.ActiveCfg = Release|Any CPU
		{72CC92DC-B615-4AF2-93F2-2E4A9F50F82E}.Ad-Hoc|ARM.Build.0 = Release|Any CPU
		{72CC92DC-B615-4AF2-93F2-2E4A9F50F82E}.Ad-Hoc|ARM.Deploy.0 = Release|Any CPU
		{72CC92DC-B615-4AF2-93F2-2E4A9F50F82E}.Ad-Hoc|iPhone.ActiveCfg = Release|Any CPU
		{72CC92DC-B615-4AF2-93F2-2E4A9F50F82E}.Ad-Hoc|iPhone.Build.0 = Release|Any CPU
		{72CC92DC-B615-4AF2-93F2-2E4A9F50F82E}.Ad-Hoc|iPhone.Deploy.0 = Release|Any CPU
		{72CC92DC-B615-4AF2-93F2-2E4A9F50F82E}.Ad-Hoc|iPhoneSimulator.ActiveCfg = Release|Any CPU
		{72CC92DC-B615-4AF2-93F2-2E4A9F50F82E}.Ad-Hoc|iPhoneSimulator.Build.0 = Release|Any CPU
		{72CC92DC-B615-4AF2-93F2-2E4A9F50F82E}.Ad-Hoc|iPhoneSimulator.Deploy.0 = Release|Any CPU
		{72CC92DC-B615-4AF2-93F2-2E4A9F50F82E}.Ad-Hoc|x64.ActiveCfg = Release|Any CPU
		{72CC92DC-B615-4AF2-93F2-2E4A9F50F82E}.Ad-Hoc|x64.Build.0 = Release|Any CPU
		{72CC92DC-B615-4AF2-93F2-2E4A9F50F82E}.Ad-Hoc|x64.Deploy.0 = Release|Any CPU
		{72CC92DC-B615-4AF2-93F2-2E4A9F50F82E}.Ad-Hoc|x86.ActiveCfg = Release|Any CPU
		{72CC92DC-B615-4AF2-93F2-2E4A9F50F82E}.Ad-Hoc|x86.Build.0 = Release|Any CPU
		{72CC92DC-B615-4AF2-93F2-2E4A9F50F82E}.Ad-Hoc|x86.Deploy.0 = Release|Any CPU
		{72CC92DC-B615-4AF2-93F2-2E4A9F50F82E}.AppStore|Any CPU.ActiveCfg = Release|Any CPU
		{72CC92DC-B615-4AF2-93F2-2E4A9F50F82E}.AppStore|Any CPU.Build.0 = Release|Any CPU
		{72CC92DC-B615-4AF2-93F2-2E4A9F50F82E}.AppStore|Any CPU.Deploy.0 = Release|Any CPU
		{72CC92DC-B615-4AF2-93F2-2E4A9F50F82E}.AppStore|ARM.ActiveCfg = Release|Any CPU
		{72CC92DC-B615-4AF2-93F2-2E4A9F50F82E}.AppStore|ARM.Build.0 = Release|Any CPU
		{72CC92DC-B615-4AF2-93F2-2E4A9F50F82E}.AppStore|ARM.Deploy.0 = Release|Any CPU
		{72CC92DC-B615-4AF2-93F2-2E4A9F50F82E}.AppStore|iPhone.ActiveCfg = Release|Any CPU
		{72CC92DC-B615-4AF2-93F2-2E4A9F50F82E}.AppStore|iPhone.Build.0 = Release|Any CPU
		{72CC92DC-B615-4AF2-93F2-2E4A9F50F82E}.AppStore|iPhone.Deploy.0 = Release|Any CPU
		{72CC92DC-B615-4AF2-93F2-2E4A9F50F82E}.AppStore|iPhoneSimulator.ActiveCfg = Release|Any CPU
		{72CC92DC-B615-4AF2-93F2-2E4A9F50F82E}.AppStore|iPhoneSimulator.Build.0 = Release|Any CPU
		{72CC92DC-B615-4AF2-93F2-2E4A9F50F82E}.AppStore|iPhoneSimulator.Deploy.0 = Release|Any CPU
		{72CC92DC-B615-4AF2-93F2-2E4A9F50F82E}.AppStore|x64.ActiveCfg = Release|Any CPU
		{72CC92DC-B615-4AF2-93F2-2E4A9F50F82E}.AppStore|x64.Build.0 = Release|Any CPU
		{72CC92DC-B615-4AF2-93F2-2E4A9F50F82E}.AppStore|x64.Deploy.0 = Release|Any CPU
		{72CC92DC-B615-4AF2-93F2-2E4A9F50F82E}.AppStore|x86.ActiveCfg = Release|Any CPU
		{72CC92DC-B615-4AF2-93F2-2E4A9F50F82E}.AppStore|x86.Build.0 = Release|Any CPU
		{72CC92DC-B615-4AF2-93F2-2E4A9F50F82E}.AppStore|x86.Deploy.0 = Release|Any CPU
		{72CC92DC-B615-4AF2-93F2-2E4A9F50F82E}.Debug|Any CPU.ActiveCfg = Debug|Any CPU
		{72CC92DC-B615-4AF2-93F2-2E4A9F50F82E}.Debug|Any CPU.Build.0 = Debug|Any CPU
		{72CC92DC-B615-4AF2-93F2-2E4A9F50F82E}.Debug|Any CPU.Deploy.0 = Debug|Any CPU
		{72CC92DC-B615-4AF2-93F2-2E4A9F50F82E}.Debug|ARM.ActiveCfg = Debug|Any CPU
		{72CC92DC-B615-4AF2-93F2-2E4A9F50F82E}.Debug|ARM.Build.0 = Debug|Any CPU
		{72CC92DC-B615-4AF2-93F2-2E4A9F50F82E}.Debug|ARM.Deploy.0 = Debug|Any CPU
		{72CC92DC-B615-4AF2-93F2-2E4A9F50F82E}.Debug|iPhone.ActiveCfg = Debug|Any CPU
		{72CC92DC-B615-4AF2-93F2-2E4A9F50F82E}.Debug|iPhone.Build.0 = Debug|Any CPU
		{72CC92DC-B615-4AF2-93F2-2E4A9F50F82E}.Debug|iPhone.Deploy.0 = Debug|Any CPU
		{72CC92DC-B615-4AF2-93F2-2E4A9F50F82E}.Debug|iPhoneSimulator.ActiveCfg = Debug|Any CPU
		{72CC92DC-B615-4AF2-93F2-2E4A9F50F82E}.Debug|iPhoneSimulator.Build.0 = Debug|Any CPU
		{72CC92DC-B615-4AF2-93F2-2E4A9F50F82E}.Debug|iPhoneSimulator.Deploy.0 = Debug|Any CPU
		{72CC92DC-B615-4AF2-93F2-2E4A9F50F82E}.Debug|x64.ActiveCfg = Debug|Any CPU
		{72CC92DC-B615-4AF2-93F2-2E4A9F50F82E}.Debug|x64.Build.0 = Debug|Any CPU
		{72CC92DC-B615-4AF2-93F2-2E4A9F50F82E}.Debug|x64.Deploy.0 = Debug|Any CPU
		{72CC92DC-B615-4AF2-93F2-2E4A9F50F82E}.Debug|x86.ActiveCfg = Debug|Any CPU
		{72CC92DC-B615-4AF2-93F2-2E4A9F50F82E}.Debug|x86.Build.0 = Debug|Any CPU
		{72CC92DC-B615-4AF2-93F2-2E4A9F50F82E}.Debug|x86.Deploy.0 = Debug|Any CPU
		{72CC92DC-B615-4AF2-93F2-2E4A9F50F82E}.Release|Any CPU.ActiveCfg = Release|Any CPU
		{72CC92DC-B615-4AF2-93F2-2E4A9F50F82E}.Release|Any CPU.Build.0 = Release|Any CPU
		{72CC92DC-B615-4AF2-93F2-2E4A9F50F82E}.Release|Any CPU.Deploy.0 = Release|Any CPU
		{72CC92DC-B615-4AF2-93F2-2E4A9F50F82E}.Release|ARM.ActiveCfg = Release|Any CPU
		{72CC92DC-B615-4AF2-93F2-2E4A9F50F82E}.Release|ARM.Build.0 = Release|Any CPU
		{72CC92DC-B615-4AF2-93F2-2E4A9F50F82E}.Release|ARM.Deploy.0 = Release|Any CPU
		{72CC92DC-B615-4AF2-93F2-2E4A9F50F82E}.Release|iPhone.ActiveCfg = Release|Any CPU
		{72CC92DC-B615-4AF2-93F2-2E4A9F50F82E}.Release|iPhone.Build.0 = Release|Any CPU
		{72CC92DC-B615-4AF2-93F2-2E4A9F50F82E}.Release|iPhone.Deploy.0 = Release|Any CPU
		{72CC92DC-B615-4AF2-93F2-2E4A9F50F82E}.Release|iPhoneSimulator.ActiveCfg = Release|Any CPU
		{72CC92DC-B615-4AF2-93F2-2E4A9F50F82E}.Release|iPhoneSimulator.Build.0 = Release|Any CPU
		{72CC92DC-B615-4AF2-93F2-2E4A9F50F82E}.Release|iPhoneSimulator.Deploy.0 = Release|Any CPU
		{72CC92DC-B615-4AF2-93F2-2E4A9F50F82E}.Release|x64.ActiveCfg = Release|Any CPU
		{72CC92DC-B615-4AF2-93F2-2E4A9F50F82E}.Release|x64.Build.0 = Release|Any CPU
		{72CC92DC-B615-4AF2-93F2-2E4A9F50F82E}.Release|x64.Deploy.0 = Release|Any CPU
		{72CC92DC-B615-4AF2-93F2-2E4A9F50F82E}.Release|x86.ActiveCfg = Release|Any CPU
		{72CC92DC-B615-4AF2-93F2-2E4A9F50F82E}.Release|x86.Build.0 = Release|Any CPU
		{72CC92DC-B615-4AF2-93F2-2E4A9F50F82E}.Release|x86.Deploy.0 = Release|Any CPU
		{8F198336-6A77-4B42-9BA3-C34C4614F2E5}.Ad-Hoc|Any CPU.ActiveCfg = Ad-Hoc|iPhone
		{8F198336-6A77-4B42-9BA3-C34C4614F2E5}.Ad-Hoc|ARM.ActiveCfg = Ad-Hoc|iPhone
		{8F198336-6A77-4B42-9BA3-C34C4614F2E5}.Ad-Hoc|iPhone.ActiveCfg = Ad-Hoc|iPhone
		{8F198336-6A77-4B42-9BA3-C34C4614F2E5}.Ad-Hoc|iPhone.Build.0 = Ad-Hoc|iPhone
		{8F198336-6A77-4B42-9BA3-C34C4614F2E5}.Ad-Hoc|iPhoneSimulator.ActiveCfg = Ad-Hoc|iPhoneSimulator
		{8F198336-6A77-4B42-9BA3-C34C4614F2E5}.Ad-Hoc|iPhoneSimulator.Build.0 = Ad-Hoc|iPhoneSimulator
		{8F198336-6A77-4B42-9BA3-C34C4614F2E5}.Ad-Hoc|x64.ActiveCfg = Ad-Hoc|iPhone
		{8F198336-6A77-4B42-9BA3-C34C4614F2E5}.Ad-Hoc|x86.ActiveCfg = Ad-Hoc|iPhone
		{8F198336-6A77-4B42-9BA3-C34C4614F2E5}.AppStore|Any CPU.ActiveCfg = AppStore|iPhone
		{8F198336-6A77-4B42-9BA3-C34C4614F2E5}.AppStore|ARM.ActiveCfg = AppStore|iPhone
		{8F198336-6A77-4B42-9BA3-C34C4614F2E5}.AppStore|iPhone.ActiveCfg = AppStore|iPhone
		{8F198336-6A77-4B42-9BA3-C34C4614F2E5}.AppStore|iPhone.Build.0 = AppStore|iPhone
		{8F198336-6A77-4B42-9BA3-C34C4614F2E5}.AppStore|iPhoneSimulator.ActiveCfg = AppStore|iPhoneSimulator
		{8F198336-6A77-4B42-9BA3-C34C4614F2E5}.AppStore|iPhoneSimulator.Build.0 = AppStore|iPhoneSimulator
		{8F198336-6A77-4B42-9BA3-C34C4614F2E5}.AppStore|x64.ActiveCfg = AppStore|iPhone
		{8F198336-6A77-4B42-9BA3-C34C4614F2E5}.AppStore|x86.ActiveCfg = AppStore|iPhone
		{8F198336-6A77-4B42-9BA3-C34C4614F2E5}.Debug|Any CPU.ActiveCfg = Debug|iPhone
		{8F198336-6A77-4B42-9BA3-C34C4614F2E5}.Debug|Any CPU.Build.0 = Debug|iPhone
		{8F198336-6A77-4B42-9BA3-C34C4614F2E5}.Debug|ARM.ActiveCfg = Debug|iPhone
		{8F198336-6A77-4B42-9BA3-C34C4614F2E5}.Debug|iPhone.ActiveCfg = Debug|iPhone
		{8F198336-6A77-4B42-9BA3-C34C4614F2E5}.Debug|iPhone.Build.0 = Debug|iPhone
		{8F198336-6A77-4B42-9BA3-C34C4614F2E5}.Debug|iPhoneSimulator.ActiveCfg = Debug|iPhoneSimulator
		{8F198336-6A77-4B42-9BA3-C34C4614F2E5}.Debug|iPhoneSimulator.Build.0 = Debug|iPhoneSimulator
		{8F198336-6A77-4B42-9BA3-C34C4614F2E5}.Debug|x64.ActiveCfg = Debug|iPhone
		{8F198336-6A77-4B42-9BA3-C34C4614F2E5}.Debug|x86.ActiveCfg = Debug|iPhone
		{8F198336-6A77-4B42-9BA3-C34C4614F2E5}.Release|Any CPU.ActiveCfg = Release|iPhone
		{8F198336-6A77-4B42-9BA3-C34C4614F2E5}.Release|ARM.ActiveCfg = Release|iPhone
		{8F198336-6A77-4B42-9BA3-C34C4614F2E5}.Release|iPhone.ActiveCfg = Release|iPhone
		{8F198336-6A77-4B42-9BA3-C34C4614F2E5}.Release|iPhone.Build.0 = Release|iPhone
		{8F198336-6A77-4B42-9BA3-C34C4614F2E5}.Release|iPhoneSimulator.ActiveCfg = Release|iPhoneSimulator
		{8F198336-6A77-4B42-9BA3-C34C4614F2E5}.Release|iPhoneSimulator.Build.0 = Release|iPhoneSimulator
		{8F198336-6A77-4B42-9BA3-C34C4614F2E5}.Release|x64.ActiveCfg = Release|iPhone
		{8F198336-6A77-4B42-9BA3-C34C4614F2E5}.Release|x86.ActiveCfg = Release|iPhone
		{C09723D9-DEB0-43EB-A10E-1EF02B0FEA3F}.Ad-Hoc|Any CPU.ActiveCfg = Release|x86
		{C09723D9-DEB0-43EB-A10E-1EF02B0FEA3F}.Ad-Hoc|Any CPU.Build.0 = Release|x86
		{C09723D9-DEB0-43EB-A10E-1EF02B0FEA3F}.Ad-Hoc|Any CPU.Deploy.0 = Release|x86
		{C09723D9-DEB0-43EB-A10E-1EF02B0FEA3F}.Ad-Hoc|ARM.ActiveCfg = Release|ARM
		{C09723D9-DEB0-43EB-A10E-1EF02B0FEA3F}.Ad-Hoc|ARM.Build.0 = Release|ARM
		{C09723D9-DEB0-43EB-A10E-1EF02B0FEA3F}.Ad-Hoc|ARM.Deploy.0 = Release|ARM
		{C09723D9-DEB0-43EB-A10E-1EF02B0FEA3F}.Ad-Hoc|iPhone.ActiveCfg = Release|x86
		{C09723D9-DEB0-43EB-A10E-1EF02B0FEA3F}.Ad-Hoc|iPhone.Build.0 = Release|x86
		{C09723D9-DEB0-43EB-A10E-1EF02B0FEA3F}.Ad-Hoc|iPhone.Deploy.0 = Release|x86
		{C09723D9-DEB0-43EB-A10E-1EF02B0FEA3F}.Ad-Hoc|iPhoneSimulator.ActiveCfg = Release|x86
		{C09723D9-DEB0-43EB-A10E-1EF02B0FEA3F}.Ad-Hoc|iPhoneSimulator.Build.0 = Release|x86
		{C09723D9-DEB0-43EB-A10E-1EF02B0FEA3F}.Ad-Hoc|iPhoneSimulator.Deploy.0 = Release|x86
		{C09723D9-DEB0-43EB-A10E-1EF02B0FEA3F}.Ad-Hoc|x64.ActiveCfg = Release|x64
		{C09723D9-DEB0-43EB-A10E-1EF02B0FEA3F}.Ad-Hoc|x64.Build.0 = Release|x64
		{C09723D9-DEB0-43EB-A10E-1EF02B0FEA3F}.Ad-Hoc|x64.Deploy.0 = Release|x64
		{C09723D9-DEB0-43EB-A10E-1EF02B0FEA3F}.Ad-Hoc|x86.ActiveCfg = Release|x86
		{C09723D9-DEB0-43EB-A10E-1EF02B0FEA3F}.Ad-Hoc|x86.Build.0 = Release|x86
		{C09723D9-DEB0-43EB-A10E-1EF02B0FEA3F}.Ad-Hoc|x86.Deploy.0 = Release|x86
		{C09723D9-DEB0-43EB-A10E-1EF02B0FEA3F}.AppStore|Any CPU.ActiveCfg = Release|x86
		{C09723D9-DEB0-43EB-A10E-1EF02B0FEA3F}.AppStore|Any CPU.Build.0 = Release|x86
		{C09723D9-DEB0-43EB-A10E-1EF02B0FEA3F}.AppStore|Any CPU.Deploy.0 = Release|x86
		{C09723D9-DEB0-43EB-A10E-1EF02B0FEA3F}.AppStore|ARM.ActiveCfg = Release|ARM
		{C09723D9-DEB0-43EB-A10E-1EF02B0FEA3F}.AppStore|ARM.Build.0 = Release|ARM
		{C09723D9-DEB0-43EB-A10E-1EF02B0FEA3F}.AppStore|ARM.Deploy.0 = Release|ARM
		{C09723D9-DEB0-43EB-A10E-1EF02B0FEA3F}.AppStore|iPhone.ActiveCfg = Release|x86
		{C09723D9-DEB0-43EB-A10E-1EF02B0FEA3F}.AppStore|iPhone.Build.0 = Release|x86
		{C09723D9-DEB0-43EB-A10E-1EF02B0FEA3F}.AppStore|iPhone.Deploy.0 = Release|x86
		{C09723D9-DEB0-43EB-A10E-1EF02B0FEA3F}.AppStore|iPhoneSimulator.ActiveCfg = Release|x86
		{C09723D9-DEB0-43EB-A10E-1EF02B0FEA3F}.AppStore|iPhoneSimulator.Build.0 = Release|x86
		{C09723D9-DEB0-43EB-A10E-1EF02B0FEA3F}.AppStore|iPhoneSimulator.Deploy.0 = Release|x86
		{C09723D9-DEB0-43EB-A10E-1EF02B0FEA3F}.AppStore|x64.ActiveCfg = Release|x64
		{C09723D9-DEB0-43EB-A10E-1EF02B0FEA3F}.AppStore|x64.Build.0 = Release|x64
		{C09723D9-DEB0-43EB-A10E-1EF02B0FEA3F}.AppStore|x64.Deploy.0 = Release|x64
		{C09723D9-DEB0-43EB-A10E-1EF02B0FEA3F}.AppStore|x86.ActiveCfg = Release|x86
		{C09723D9-DEB0-43EB-A10E-1EF02B0FEA3F}.AppStore|x86.Build.0 = Release|x86
		{C09723D9-DEB0-43EB-A10E-1EF02B0FEA3F}.AppStore|x86.Deploy.0 = Release|x86
		{C09723D9-DEB0-43EB-A10E-1EF02B0FEA3F}.Debug|Any CPU.ActiveCfg = Debug|x86
		{C09723D9-DEB0-43EB-A10E-1EF02B0FEA3F}.Debug|Any CPU.Build.0 = Debug|x86
		{C09723D9-DEB0-43EB-A10E-1EF02B0FEA3F}.Debug|Any CPU.Deploy.0 = Debug|x86
		{C09723D9-DEB0-43EB-A10E-1EF02B0FEA3F}.Debug|ARM.ActiveCfg = Debug|ARM
		{C09723D9-DEB0-43EB-A10E-1EF02B0FEA3F}.Debug|ARM.Build.0 = Debug|ARM
		{C09723D9-DEB0-43EB-A10E-1EF02B0FEA3F}.Debug|ARM.Deploy.0 = Debug|ARM
		{C09723D9-DEB0-43EB-A10E-1EF02B0FEA3F}.Debug|iPhone.ActiveCfg = Debug|x86
		{C09723D9-DEB0-43EB-A10E-1EF02B0FEA3F}.Debug|iPhone.Build.0 = Debug|x86
		{C09723D9-DEB0-43EB-A10E-1EF02B0FEA3F}.Debug|iPhone.Deploy.0 = Debug|x86
		{C09723D9-DEB0-43EB-A10E-1EF02B0FEA3F}.Debug|iPhoneSimulator.ActiveCfg = Debug|x86
		{C09723D9-DEB0-43EB-A10E-1EF02B0FEA3F}.Debug|iPhoneSimulator.Build.0 = Debug|x86
		{C09723D9-DEB0-43EB-A10E-1EF02B0FEA3F}.Debug|iPhoneSimulator.Deploy.0 = Debug|x86
		{C09723D9-DEB0-43EB-A10E-1EF02B0FEA3F}.Debug|x64.ActiveCfg = Debug|x64
		{C09723D9-DEB0-43EB-A10E-1EF02B0FEA3F}.Debug|x64.Build.0 = Debug|x64
		{C09723D9-DEB0-43EB-A10E-1EF02B0FEA3F}.Debug|x64.Deploy.0 = Debug|x64
		{C09723D9-DEB0-43EB-A10E-1EF02B0FEA3F}.Debug|x86.ActiveCfg = Debug|x86
		{C09723D9-DEB0-43EB-A10E-1EF02B0FEA3F}.Debug|x86.Build.0 = Debug|x86
		{C09723D9-DEB0-43EB-A10E-1EF02B0FEA3F}.Debug|x86.Deploy.0 = Debug|x86
		{C09723D9-DEB0-43EB-A10E-1EF02B0FEA3F}.Release|Any CPU.ActiveCfg = Release|x86
		{C09723D9-DEB0-43EB-A10E-1EF02B0FEA3F}.Release|ARM.ActiveCfg = Release|ARM
		{C09723D9-DEB0-43EB-A10E-1EF02B0FEA3F}.Release|ARM.Build.0 = Release|ARM
		{C09723D9-DEB0-43EB-A10E-1EF02B0FEA3F}.Release|ARM.Deploy.0 = Release|ARM
		{C09723D9-DEB0-43EB-A10E-1EF02B0FEA3F}.Release|iPhone.ActiveCfg = Release|x86
		{C09723D9-DEB0-43EB-A10E-1EF02B0FEA3F}.Release|iPhoneSimulator.ActiveCfg = Release|x86
		{C09723D9-DEB0-43EB-A10E-1EF02B0FEA3F}.Release|x64.ActiveCfg = Release|x64
		{C09723D9-DEB0-43EB-A10E-1EF02B0FEA3F}.Release|x64.Build.0 = Release|x64
		{C09723D9-DEB0-43EB-A10E-1EF02B0FEA3F}.Release|x64.Deploy.0 = Release|x64
		{C09723D9-DEB0-43EB-A10E-1EF02B0FEA3F}.Release|x86.ActiveCfg = Release|x86
		{C09723D9-DEB0-43EB-A10E-1EF02B0FEA3F}.Release|x86.Build.0 = Release|x86
		{C09723D9-DEB0-43EB-A10E-1EF02B0FEA3F}.Release|x86.Deploy.0 = Release|x86
	EndGlobalSection
	GlobalSection(SolutionProperties) = preSolution
		HideSolutionNode = FALSE
	EndGlobalSection
EndGlobal
